// !$*UTF8*$!
{
	archiveVersion = 1;
	classes = {
	};
	objectVersion = 55;
	objects = {

/* Begin PBXBuildFile section */
		18214BEA29208BEC005F0962 /* TestPage1.swift in Sources */ = {isa = PBXBuildFile; fileRef = 18214BE929208BEC005F0962 /* TestPage1.swift */; };
		18214BEE29209FEA005F0962 /* Meter.swift in Sources */ = {isa = PBXBuildFile; fileRef = 18214BED29209FEA005F0962 /* Meter.swift */; };
		18214BF22920D9CD005F0962 /* ProfileView.swift in Sources */ = {isa = PBXBuildFile; fileRef = 18214BF12920D9CD005F0962 /* ProfileView.swift */; };
		18214BF42920DC7D005F0962 /* HomeScreenView.swift in Sources */ = {isa = PBXBuildFile; fileRef = 18214BF32920DC7D005F0962 /* HomeScreenView.swift */; };
		18214BF82920E86F005F0962 /* NewsCard.swift in Sources */ = {isa = PBXBuildFile; fileRef = 18214BF72920E86F005F0962 /* NewsCard.swift */; };
		188A33282921463000724C2A /* AddStockView.swift in Sources */ = {isa = PBXBuildFile; fileRef = 188A33272921463000724C2A /* AddStockView.swift */; };
		424ABCFB291E14B700F48822 /* dummyAppApp.swift in Sources */ = {isa = PBXBuildFile; fileRef = 424ABCD3291E14AF00F48822 /* dummyAppApp.swift */; };
		424ABCFD291E14B700F48822 /* ContentView.swift in Sources */ = {isa = PBXBuildFile; fileRef = 424ABCD4291E14AF00F48822 /* ContentView.swift */; };
		424ABCFF291E14B700F48822 /* Assets.xcassets in Resources */ = {isa = PBXBuildFile; fileRef = 424ABCD5291E14B600F48822 /* Assets.xcassets */; };
		424ABD19291E248A00F48822 /* Icon.swift in Sources */ = {isa = PBXBuildFile; fileRef = 424ABD18291E248A00F48822 /* Icon.swift */; };
/* End PBXBuildFile section */

/* Begin PBXFileReference section */
		18214BE929208BEC005F0962 /* TestPage1.swift */ = {isa = PBXFileReference; lastKnownFileType = sourcecode.swift; path = TestPage1.swift; sourceTree = "<group>"; };
		18214BED29209FEA005F0962 /* Meter.swift */ = {isa = PBXFileReference; lastKnownFileType = sourcecode.swift; path = Meter.swift; sourceTree = "<group>"; };
		18214BF12920D9CD005F0962 /* ProfileView.swift */ = {isa = PBXFileReference; lastKnownFileType = sourcecode.swift; path = ProfileView.swift; sourceTree = "<group>"; };
		18214BF32920DC7D005F0962 /* HomeScreenView.swift */ = {isa = PBXFileReference; lastKnownFileType = sourcecode.swift; path = HomeScreenView.swift; sourceTree = "<group>"; };
		18214BF72920E86F005F0962 /* NewsCard.swift */ = {isa = PBXFileReference; lastKnownFileType = sourcecode.swift; path = NewsCard.swift; sourceTree = "<group>"; };
		188A33272921463000724C2A /* AddStockView.swift */ = {isa = PBXFileReference; lastKnownFileType = sourcecode.swift; path = AddStockView.swift; sourceTree = "<group>"; };
		424ABCD3291E14AF00F48822 /* dummyAppApp.swift */ = {isa = PBXFileReference; lastKnownFileType = sourcecode.swift; path = dummyAppApp.swift; sourceTree = "<group>"; };
		424ABCD4291E14AF00F48822 /* ContentView.swift */ = {isa = PBXFileReference; lastKnownFileType = sourcecode.swift; path = ContentView.swift; sourceTree = "<group>"; };
		424ABCD5291E14B600F48822 /* Assets.xcassets */ = {isa = PBXFileReference; lastKnownFileType = folder.assetcatalog; path = Assets.xcassets; sourceTree = "<group>"; };
		424ABCDA291E14B600F48822 /* dummyApp.app */ = {isa = PBXFileReference; explicitFileType = wrapper.application; includeInIndex = 0; path = dummyApp.app; sourceTree = BUILT_PRODUCTS_DIR; };
		424ABD18291E248A00F48822 /* Icon.swift */ = {isa = PBXFileReference; lastKnownFileType = sourcecode.swift; path = Icon.swift; sourceTree = "<group>"; };
/* End PBXFileReference section */

/* Begin PBXFrameworksBuildPhase section */
		424ABCD7291E14B600F48822 /* Frameworks */ = {
			isa = PBXFrameworksBuildPhase;
			buildActionMask = 2147483647;
			files = (
			);
			runOnlyForDeploymentPostprocessing = 0;
		};
/* End PBXFrameworksBuildPhase section */

/* Begin PBXGroup section */
		424ABCCD291E14AE00F48822 = {
			isa = PBXGroup;
			children = (
				424ABCD2291E14AF00F48822 /* Shared */,
				424ABCDB291E14B600F48822 /* Products */,
			);
			sourceTree = "<group>";
		};
		424ABCD2291E14AF00F48822 /* Shared */ = {
			isa = PBXGroup;
			children = (
				424ABCD4291E14AF00F48822 /* ContentView.swift */,
				424ABD18291E248A00F48822 /* Icon.swift */,
				424ABCD5291E14B600F48822 /* Assets.xcassets */,
				18214BE929208BEC005F0962 /* TestPage1.swift */,
				18214BED29209FEA005F0962 /* Meter.swift */,
				18214BF12920D9CD005F0962 /* ProfileView.swift */,
				18214BF32920DC7D005F0962 /* HomeScreenView.swift */,
				18214BF72920E86F005F0962 /* NewsCard.swift */,
				424ABCD3291E14AF00F48822 /* dummyAppApp.swift */,
				188A33272921463000724C2A /* AddStockView.swift */,
			);
			path = Shared;
			sourceTree = "<group>";
		};
		424ABCDB291E14B600F48822 /* Products */ = {
			isa = PBXGroup;
			children = (
				424ABCDA291E14B600F48822 /* dummyApp.app */,
			);
			name = Products;
			sourceTree = "<group>";
		};
/* End PBXGroup section */

/* Begin PBXNativeTarget section */
		424ABCD9291E14B600F48822 /* dummyApp (iOS) */ = {
			isa = PBXNativeTarget;
			buildConfigurationList = 424ABD03291E14B700F48822 /* Build configuration list for PBXNativeTarget "dummyApp (iOS)" */;
			buildPhases = (
				424ABCD6291E14B600F48822 /* Sources */,
				424ABCD7291E14B600F48822 /* Frameworks */,
				424ABCD8291E14B600F48822 /* Resources */,
			);
			buildRules = (
			);
			dependencies = (
			);
			name = "dummyApp (iOS)";
			productName = "dummyApp (iOS)";
			productReference = 424ABCDA291E14B600F48822 /* dummyApp.app */;
			productType = "com.apple.product-type.application";
		};
/* End PBXNativeTarget section */

/* Begin PBXProject section */
		424ABCCE291E14AE00F48822 /* Project object */ = {
			isa = PBXProject;
			attributes = {
				BuildIndependentTargetsInParallel = 1;
				LastSwiftUpdateCheck = 1340;
				LastUpgradeCheck = 1400;
				TargetAttributes = {
					424ABCD9291E14B600F48822 = {
						CreatedOnToolsVersion = 13.4.1;
					};
				};
			};
			buildConfigurationList = 424ABCD1291E14AE00F48822 /* Build configuration list for PBXProject "dummyApp" */;
			compatibilityVersion = "Xcode 13.0";
			developmentRegion = en;
			hasScannedForEncodings = 0;
			knownRegions = (
				en,
				Base,
			);
			mainGroup = 424ABCCD291E14AE00F48822;
			productRefGroup = 424ABCDB291E14B600F48822 /* Products */;
			projectDirPath = "";
			projectRoot = "";
			targets = (
				424ABCD9291E14B600F48822 /* dummyApp (iOS) */,
			);
		};
/* End PBXProject section */

/* Begin PBXResourcesBuildPhase section */
		424ABCD8291E14B600F48822 /* Resources */ = {
			isa = PBXResourcesBuildPhase;
			buildActionMask = 2147483647;
			files = (
				424ABCFF291E14B700F48822 /* Assets.xcassets in Resources */,
			);
			runOnlyForDeploymentPostprocessing = 0;
		};
/* End PBXResourcesBuildPhase section */

/* Begin PBXSourcesBuildPhase section */
		424ABCD6291E14B600F48822 /* Sources */ = {
			isa = PBXSourcesBuildPhase;
			buildActionMask = 2147483647;
			files = (
				18214BF82920E86F005F0962 /* NewsCard.swift in Sources */,
				18214BEA29208BEC005F0962 /* TestPage1.swift in Sources */,
				424ABD19291E248A00F48822 /* Icon.swift in Sources */,
				18214BEE29209FEA005F0962 /* Meter.swift in Sources */,
				424ABCFD291E14B700F48822 /* ContentView.swift in Sources */,
				18214BF22920D9CD005F0962 /* ProfileView.swift in Sources */,
				18214BF42920DC7D005F0962 /* HomeScreenView.swift in Sources */,
				424ABCFB291E14B700F48822 /* dummyAppApp.swift in Sources */,
				188A33282921463000724C2A /* AddStockView.swift in Sources */,
			);
			runOnlyForDeploymentPostprocessing = 0;
		};
/* End PBXSourcesBuildPhase section */

/* Begin XCBuildConfiguration section */
		424ABD01291E14B700F48822 /* Debug */ = {
			isa = XCBuildConfiguration;
			buildSettings = {
				ALWAYS_SEARCH_USER_PATHS = NO;
				CLANG_ANALYZER_NONNULL = YES;
				CLANG_ANALYZER_NUMBER_OBJECT_CONVERSION = YES_AGGRESSIVE;
				CLANG_CXX_LANGUAGE_STANDARD = "gnu++17";
				CLANG_ENABLE_MODULES = YES;
				CLANG_ENABLE_OBJC_ARC = YES;
				CLANG_ENABLE_OBJC_WEAK = YES;
				CLANG_WARN_BLOCK_CAPTURE_AUTORELEASING = YES;
				CLANG_WARN_BOOL_CONVERSION = YES;
				CLANG_WARN_COMMA = YES;
				CLANG_WARN_CONSTANT_CONVERSION = YES;
				CLANG_WARN_DEPRECATED_OBJC_IMPLEMENTATIONS = YES;
				CLANG_WARN_DIRECT_OBJC_ISA_USAGE = YES_ERROR;
				CLANG_WARN_DOCUMENTATION_COMMENTS = YES;
				CLANG_WARN_EMPTY_BODY = YES;
				CLANG_WARN_ENUM_CONVERSION = YES;
				CLANG_WARN_INFINITE_RECURSION = YES;
				CLANG_WARN_INT_CONVERSION = YES;
				CLANG_WARN_NON_LITERAL_NULL_CONVERSION = YES;
				CLANG_WARN_OBJC_IMPLICIT_RETAIN_SELF = YES;
				CLANG_WARN_OBJC_LITERAL_CONVERSION = YES;
				CLANG_WARN_OBJC_ROOT_CLASS = YES_ERROR;
				CLANG_WARN_QUOTED_INCLUDE_IN_FRAMEWORK_HEADER = YES;
				CLANG_WARN_RANGE_LOOP_ANALYSIS = YES;
				CLANG_WARN_STRICT_PROTOTYPES = YES;
				CLANG_WARN_SUSPICIOUS_MOVE = YES;
				CLANG_WARN_UNGUARDED_AVAILABILITY = YES_AGGRESSIVE;
				CLANG_WARN_UNREACHABLE_CODE = YES;
				CLANG_WARN__DUPLICATE_METHOD_MATCH = YES;
				COPY_PHASE_STRIP = NO;
				DEAD_CODE_STRIPPING = YES;
				DEBUG_INFORMATION_FORMAT = dwarf;
				ENABLE_STRICT_OBJC_MSGSEND = YES;
				ENABLE_TESTABILITY = YES;
				GCC_C_LANGUAGE_STANDARD = gnu11;
				GCC_DYNAMIC_NO_PIC = NO;
				GCC_NO_COMMON_BLOCKS = YES;
				GCC_OPTIMIZATION_LEVEL = 0;
				GCC_PREPROCESSOR_DEFINITIONS = (
					"DEBUG=1",
					"$(inherited)",
				);
				GCC_WARN_64_TO_32_BIT_CONVERSION = YES;
				GCC_WARN_ABOUT_RETURN_TYPE = YES_ERROR;
				GCC_WARN_UNDECLARED_SELECTOR = YES;
				GCC_WARN_UNINITIALIZED_AUTOS = YES_AGGRESSIVE;
				GCC_WARN_UNUSED_FUNCTION = YES;
				GCC_WARN_UNUSED_VARIABLE = YES;
				MTL_ENABLE_DEBUG_INFO = INCLUDE_SOURCE;
				MTL_FAST_MATH = YES;
				ONLY_ACTIVE_ARCH = YES;
				SWIFT_ACTIVE_COMPILATION_CONDITIONS = DEBUG;
				SWIFT_OPTIMIZATION_LEVEL = "-Onone";
			};
			name = Debug;
		};
		424ABD02291E14B700F48822 /* Release */ = {
			isa = XCBuildConfiguration;
			buildSettings = {
				ALWAYS_SEARCH_USER_PATHS = NO;
				CLANG_ANALYZER_NONNULL = YES;
				CLANG_ANALYZER_NUMBER_OBJECT_CONVERSION = YES_AGGRESSIVE;
				CLANG_CXX_LANGUAGE_STANDARD = "gnu++17";
				CLANG_ENABLE_MODULES = YES;
				CLANG_ENABLE_OBJC_ARC = YES;
				CLANG_ENABLE_OBJC_WEAK = YES;
				CLANG_WARN_BLOCK_CAPTURE_AUTORELEASING = YES;
				CLANG_WARN_BOOL_CONVERSION = YES;
				CLANG_WARN_COMMA = YES;
				CLANG_WARN_CONSTANT_CONVERSION = YES;
				CLANG_WARN_DEPRECATED_OBJC_IMPLEMENTATIONS = YES;
				CLANG_WARN_DIRECT_OBJC_ISA_USAGE = YES_ERROR;
				CLANG_WARN_DOCUMENTATION_COMMENTS = YES;
				CLANG_WARN_EMPTY_BODY = YES;
				CLANG_WARN_ENUM_CONVERSION = YES;
				CLANG_WARN_INFINITE_RECURSION = YES;
				CLANG_WARN_INT_CONVERSION = YES;
				CLANG_WARN_NON_LITERAL_NULL_CONVERSION = YES;
				CLANG_WARN_OBJC_IMPLICIT_RETAIN_SELF = YES;
				CLANG_WARN_OBJC_LITERAL_CONVERSION = YES;
				CLANG_WARN_OBJC_ROOT_CLASS = YES_ERROR;
				CLANG_WARN_QUOTED_INCLUDE_IN_FRAMEWORK_HEADER = YES;
				CLANG_WARN_RANGE_LOOP_ANALYSIS = YES;
				CLANG_WARN_STRICT_PROTOTYPES = YES;
				CLANG_WARN_SUSPICIOUS_MOVE = YES;
				CLANG_WARN_UNGUARDED_AVAILABILITY = YES_AGGRESSIVE;
				CLANG_WARN_UNREACHABLE_CODE = YES;
				CLANG_WARN__DUPLICATE_METHOD_MATCH = YES;
				COPY_PHASE_STRIP = NO;
				DEAD_CODE_STRIPPING = YES;
				DEBUG_INFORMATION_FORMAT = "dwarf-with-dsym";
				ENABLE_NS_ASSERTIONS = NO;
				ENABLE_STRICT_OBJC_MSGSEND = YES;
				GCC_C_LANGUAGE_STANDARD = gnu11;
				GCC_NO_COMMON_BLOCKS = YES;
				GCC_WARN_64_TO_32_BIT_CONVERSION = YES;
				GCC_WARN_ABOUT_RETURN_TYPE = YES_ERROR;
				GCC_WARN_UNDECLARED_SELECTOR = YES;
				GCC_WARN_UNINITIALIZED_AUTOS = YES_AGGRESSIVE;
				GCC_WARN_UNUSED_FUNCTION = YES;
				GCC_WARN_UNUSED_VARIABLE = YES;
				MTL_ENABLE_DEBUG_INFO = NO;
				MTL_FAST_MATH = YES;
				SWIFT_COMPILATION_MODE = wholemodule;
				SWIFT_OPTIMIZATION_LEVEL = "-O";
			};
			name = Release;
		};
		424ABD04291E14B700F48822 /* Debug */ = {
			isa = XCBuildConfiguration;
			buildSettings = {
				ASSETCATALOG_COMPILER_APPICON_NAME = AppIcon;
				ASSETCATALOG_COMPILER_GLOBAL_ACCENT_COLOR_NAME = AccentColor;
				CODE_SIGN_STYLE = Automatic;
				CURRENT_PROJECT_VERSION = 1;
				DEVELOPMENT_TEAM = 36RBQFJR69;
				ENABLE_PREVIEWS = YES;
				GENERATE_INFOPLIST_FILE = YES;
				INFOPLIST_KEY_UIApplicationSceneManifest_Generation = YES;
				INFOPLIST_KEY_UIApplicationSupportsIndirectInputEvents = YES;
				INFOPLIST_KEY_UILaunchScreen_Generation = YES;
				INFOPLIST_KEY_UISupportedInterfaceOrientations_iPad = "UIInterfaceOrientationPortrait UIInterfaceOrientationPortraitUpsideDown UIInterfaceOrientationLandscapeLeft UIInterfaceOrientationLandscapeRight";
				INFOPLIST_KEY_UISupportedInterfaceOrientations_iPhone = "UIInterfaceOrientationPortrait UIInterfaceOrientationLandscapeLeft UIInterfaceOrientationLandscapeRight";
				IPHONEOS_DEPLOYMENT_TARGET = 15.5;
				LD_RUNPATH_SEARCH_PATHS = (
					"$(inherited)",
					"@executable_path/Frameworks",
				);
				MARKETING_VERSION = 1.0;
				PRODUCT_BUNDLE_IDENTIFIER = HackDegens.dummyApp;
				PRODUCT_NAME = dummyApp;
				SDKROOT = iphoneos;
				SWIFT_EMIT_LOC_STRINGS = YES;
				SWIFT_VERSION = 5.0;
				TARGETED_DEVICE_FAMILY = "1,2";
			};
			name = Debug;
		};
		424ABD05291E14B700F48822 /* Release */ = {
			isa = XCBuildConfiguration;
			buildSettings = {
				ASSETCATALOG_COMPILER_APPICON_NAME = AppIcon;
				ASSETCATALOG_COMPILER_GLOBAL_ACCENT_COLOR_NAME = AccentColor;
				CODE_SIGN_STYLE = Automatic;
				CURRENT_PROJECT_VERSION = 1;
				DEVELOPMENT_TEAM = 36RBQFJR69;
				ENABLE_PREVIEWS = YES;
				GENERATE_INFOPLIST_FILE = YES;
				INFOPLIST_KEY_UIApplicationSceneManifest_Generation = YES;
				INFOPLIST_KEY_UIApplicationSupportsIndirectInputEvents = YES;
				INFOPLIST_KEY_UILaunchScreen_Generation = YES;
				INFOPLIST_KEY_UISupportedInterfaceOrientations_iPad = "UIInterfaceOrientationPortrait UIInterfaceOrientationPortraitUpsideDown UIInterfaceOrientationLandscapeLeft UIInterfaceOrientationLandscapeRight";
				INFOPLIST_KEY_UISupportedInterfaceOrientations_iPhone = "UIInterfaceOrientationPortrait UIInterfaceOrientationLandscapeLeft UIInterfaceOrientationLandscapeRight";
				IPHONEOS_DEPLOYMENT_TARGET = 15.5;
				LD_RUNPATH_SEARCH_PATHS = (
					"$(inherited)",
					"@executable_path/Frameworks",
				);
				MARKETING_VERSION = 1.0;
				PRODUCT_BUNDLE_IDENTIFIER = HackDegens.dummyApp;
				PRODUCT_NAME = dummyApp;
				SDKROOT = iphoneos;
				SWIFT_EMIT_LOC_STRINGS = YES;
				SWIFT_VERSION = 5.0;
				TARGETED_DEVICE_FAMILY = "1,2";
				VALIDATE_PRODUCT = YES;
			};
			name = Release;
		};
/* End XCBuildConfiguration section */

/* Begin XCConfigurationList section */
		424ABCD1291E14AE00F48822 /* Build configuration list for PBXProject "dummyApp" */ = {
			isa = XCConfigurationList;
			buildConfigurations = (
				424ABD01291E14B700F48822 /* Debug */,
				424ABD02291E14B700F48822 /* Release */,
			);
			defaultConfigurationIsVisible = 0;
			defaultConfigurationName = Release;
		};
		424ABD03291E14B700F48822 /* Build configuration list for PBXNativeTarget "dummyApp (iOS)" */ = {
			isa = XCConfigurationList;
			buildConfigurations = (
				424ABD04291E14B700F48822 /* Debug */,
				424ABD05291E14B700F48822 /* Release */,
			);
			defaultConfigurationIsVisible = 0;
			defaultConfigurationName = Release;
		};
/* End XCConfigurationList section */
	};
	rootObject = 424ABCCE291E14AE00F48822 /* Project object */;
}
